// !$*UTF8*$!
{
	archiveVersion = 1;
	classes = {
	};
	objectVersion = 46;
	objects = {

/* Begin PBXBuildFile section */
		9F499D101A16BC960032FECE /* main.m in Sources */ = {isa = PBXBuildFile; fileRef = 9F499D0F1A16BC960032FECE /* main.m */; };
		9F499D131A16BC960032FECE /* AppDelegate.m in Sources */ = {isa = PBXBuildFile; fileRef = 9F499D121A16BC960032FECE /* AppDelegate.m */; };
		9F499D161A16BC960032FECE /* ViewController.m in Sources */ = {isa = PBXBuildFile; fileRef = 9F499D151A16BC960032FECE /* ViewController.m */; };
		9F499D191A16BC960032FECE /* Main.storyboard in Resources */ = {isa = PBXBuildFile; fileRef = 9F499D171A16BC960032FECE /* Main.storyboard */; };
		9F499D1B1A16BC960032FECE /* Images.xcassets in Resources */ = {isa = PBXBuildFile; fileRef = 9F499D1A1A16BC960032FECE /* Images.xcassets */; };
		9F499D1E1A16BC960032FECE /* LaunchScreen.xib in Resources */ = {isa = PBXBuildFile; fileRef = 9F499D1C1A16BC960032FECE /* LaunchScreen.xib */; };
		9F499D2A1A16BC960032FECE /* SlideInViewTests.m in Sources */ = {isa = PBXBuildFile; fileRef = 9F499D291A16BC960032FECE /* SlideInViewTests.m */; };
		9F499D381A16BCBA0032FECE /* SlidingViewManager.m in Sources */ = {isa = PBXBuildFile; fileRef = 9F499D351A16BCBA0032FECE /* SlidingViewManager.m */; };
		9FC9E1681A1AE6EA00FCD713 /* ALAlertBanner.m in Sources */ = {isa = PBXBuildFile; fileRef = 9FC9E15C1A1AE6EA00FCD713 /* ALAlertBanner.m */; };
		9FC9E1691A1AE6EA00FCD713 /* ALAlertBannerManager.m in Sources */ = {isa = PBXBuildFile; fileRef = 9FC9E15E1A1AE6EA00FCD713 /* ALAlertBannerManager.m */; };
		9FC9E16A1A1AE6EA00FCD713 /* bannerAlert.png in Resources */ = {isa = PBXBuildFile; fileRef = 9FC9E1601A1AE6EA00FCD713 /* bannerAlert.png */; };
		9FC9E16B1A1AE6EA00FCD713 /* bannerAlert@2x.png in Resources */ = {isa = PBXBuildFile; fileRef = 9FC9E1611A1AE6EA00FCD713 /* bannerAlert@2x.png */; };
		9FC9E16C1A1AE6EA00FCD713 /* bannerFailure.png in Resources */ = {isa = PBXBuildFile; fileRef = 9FC9E1621A1AE6EA00FCD713 /* bannerFailure.png */; };
		9FC9E16D1A1AE6EA00FCD713 /* bannerFailure@2x.png in Resources */ = {isa = PBXBuildFile; fileRef = 9FC9E1631A1AE6EA00FCD713 /* bannerFailure@2x.png */; };
		9FC9E16E1A1AE6EA00FCD713 /* bannerNotify.png in Resources */ = {isa = PBXBuildFile; fileRef = 9FC9E1641A1AE6EA00FCD713 /* bannerNotify.png */; };
		9FC9E16F1A1AE6EA00FCD713 /* bannerNotify@2x.png in Resources */ = {isa = PBXBuildFile; fileRef = 9FC9E1651A1AE6EA00FCD713 /* bannerNotify@2x.png */; };
		9FC9E1701A1AE6EA00FCD713 /* bannerSuccess.png in Resources */ = {isa = PBXBuildFile; fileRef = 9FC9E1661A1AE6EA00FCD713 /* bannerSuccess.png */; };
		9FC9E1711A1AE6EA00FCD713 /* bannerSuccess@2x.png in Resources */ = {isa = PBXBuildFile; fileRef = 9FC9E1671A1AE6EA00FCD713 /* bannerSuccess@2x.png */; };
/* End PBXBuildFile section */

/* Begin PBXContainerItemProxy section */
		9F499D241A16BC960032FECE /* PBXContainerItemProxy */ = {
			isa = PBXContainerItemProxy;
			containerPortal = 9F499D021A16BC960032FECE /* Project object */;
			proxyType = 1;
			remoteGlobalIDString = 9F499D091A16BC960032FECE;
			remoteInfo = SlideInView;
		};
/* End PBXContainerItemProxy section */

/* Begin PBXFileReference section */
		9F499D0A1A16BC960032FECE /* SlideInView.app */ = {isa = PBXFileReference; explicitFileType = wrapper.application; includeInIndex = 0; path = SlideInView.app; sourceTree = BUILT_PRODUCTS_DIR; };
		9F499D0E1A16BC960032FECE /* Info.plist */ = {isa = PBXFileReference; lastKnownFileType = text.plist.xml; path = Info.plist; sourceTree = "<group>"; };
		9F499D0F1A16BC960032FECE /* main.m */ = {isa = PBXFileReference; lastKnownFileType = sourcecode.c.objc; path = main.m; sourceTree = "<group>"; };
		9F499D111A16BC960032FECE /* AppDelegate.h */ = {isa = PBXFileReference; lastKnownFileType = sourcecode.c.h; path = AppDelegate.h; sourceTree = "<group>"; };
		9F499D121A16BC960032FECE /* AppDelegate.m */ = {isa = PBXFileReference; lastKnownFileType = sourcecode.c.objc; path = AppDelegate.m; sourceTree = "<group>"; };
		9F499D141A16BC960032FECE /* ViewController.h */ = {isa = PBXFileReference; lastKnownFileType = sourcecode.c.h; path = ViewController.h; sourceTree = "<group>"; };
		9F499D151A16BC960032FECE /* ViewController.m */ = {isa = PBXFileReference; lastKnownFileType = sourcecode.c.objc; path = ViewController.m; sourceTree = "<group>"; };
		9F499D181A16BC960032FECE /* Base */ = {isa = PBXFileReference; lastKnownFileType = file.storyboard; name = Base; path = Base.lproj/Main.storyboard; sourceTree = "<group>"; };
		9F499D1A1A16BC960032FECE /* Images.xcassets */ = {isa = PBXFileReference; lastKnownFileType = folder.assetcatalog; path = Images.xcassets; sourceTree = "<group>"; };
		9F499D1D1A16BC960032FECE /* Base */ = {isa = PBXFileReference; lastKnownFileType = file.xib; name = Base; path = Base.lproj/LaunchScreen.xib; sourceTree = "<group>"; };
		9F499D231A16BC960032FECE /* SlideInViewTests.xctest */ = {isa = PBXFileReference; explicitFileType = wrapper.cfbundle; includeInIndex = 0; path = SlideInViewTests.xctest; sourceTree = BUILT_PRODUCTS_DIR; };
		9F499D281A16BC960032FECE /* Info.plist */ = {isa = PBXFileReference; lastKnownFileType = text.plist.xml; path = Info.plist; sourceTree = "<group>"; };
		9F499D291A16BC960032FECE /* SlideInViewTests.m */ = {isa = PBXFileReference; lastKnownFileType = sourcecode.c.objc; path = SlideInViewTests.m; sourceTree = "<group>"; };
		9F499D341A16BCBA0032FECE /* SlidingViewManager.h */ = {isa = PBXFileReference; fileEncoding = 4; lastKnownFileType = sourcecode.c.h; path = SlidingViewManager.h; sourceTree = "<group>"; };
		9F499D351A16BCBA0032FECE /* SlidingViewManager.m */ = {isa = PBXFileReference; fileEncoding = 4; lastKnownFileType = sourcecode.c.objc; path = SlidingViewManager.m; sourceTree = "<group>"; };
		9FC9E15A1A1AE6EA00FCD713 /* ALAlertBanner+Private.h */ = {isa = PBXFileReference; fileEncoding = 4; lastKnownFileType = sourcecode.c.h; path = "ALAlertBanner+Private.h"; sourceTree = "<group>"; };
		9FC9E15B1A1AE6EA00FCD713 /* ALAlertBanner.h */ = {isa = PBXFileReference; fileEncoding = 4; lastKnownFileType = sourcecode.c.h; path = ALAlertBanner.h; sourceTree = "<group>"; };
		9FC9E15C1A1AE6EA00FCD713 /* ALAlertBanner.m */ = {isa = PBXFileReference; fileEncoding = 4; lastKnownFileType = sourcecode.c.objc; path = ALAlertBanner.m; sourceTree = "<group>"; };
		9FC9E15D1A1AE6EA00FCD713 /* ALAlertBannerManager.h */ = {isa = PBXFileReference; fileEncoding = 4; lastKnownFileType = sourcecode.c.h; path = ALAlertBannerManager.h; sourceTree = "<group>"; };
		9FC9E15E1A1AE6EA00FCD713 /* ALAlertBannerManager.m */ = {isa = PBXFileReference; fileEncoding = 4; lastKnownFileType = sourcecode.c.objc; path = ALAlertBannerManager.m; sourceTree = "<group>"; };
		9FC9E1601A1AE6EA00FCD713 /* bannerAlert.png */ = {isa = PBXFileReference; lastKnownFileType = image.png; path = bannerAlert.png; sourceTree = "<group>"; };
		9FC9E1611A1AE6EA00FCD713 /* bannerAlert@2x.png */ = {isa = PBXFileReference; lastKnownFileType = image.png; path = "bannerAlert@2x.png"; sourceTree = "<group>"; };
		9FC9E1621A1AE6EA00FCD713 /* bannerFailure.png */ = {isa = PBXFileReference; lastKnownFileType = image.png; path = bannerFailure.png; sourceTree = "<group>"; };
		9FC9E1631A1AE6EA00FCD713 /* bannerFailure@2x.png */ = {isa = PBXFileReference; lastKnownFileType = image.png; path = "bannerFailure@2x.png"; sourceTree = "<group>"; };
		9FC9E1641A1AE6EA00FCD713 /* bannerNotify.png */ = {isa = PBXFileReference; lastKnownFileType = image.png; path = bannerNotify.png; sourceTree = "<group>"; };
		9FC9E1651A1AE6EA00FCD713 /* bannerNotify@2x.png */ = {isa = PBXFileReference; lastKnownFileType = image.png; path = "bannerNotify@2x.png"; sourceTree = "<group>"; };
		9FC9E1661A1AE6EA00FCD713 /* bannerSuccess.png */ = {isa = PBXFileReference; lastKnownFileType = image.png; path = bannerSuccess.png; sourceTree = "<group>"; };
		9FC9E1671A1AE6EA00FCD713 /* bannerSuccess@2x.png */ = {isa = PBXFileReference; lastKnownFileType = image.png; path = "bannerSuccess@2x.png"; sourceTree = "<group>"; };
/* End PBXFileReference section */

/* Begin PBXFrameworksBuildPhase section */
		9F499D071A16BC960032FECE /* Frameworks */ = {
			isa = PBXFrameworksBuildPhase;
			buildActionMask = 2147483647;
			files = (
			);
			runOnlyForDeploymentPostprocessing = 0;
		};
		9F499D201A16BC960032FECE /* Frameworks */ = {
			isa = PBXFrameworksBuildPhase;
			buildActionMask = 2147483647;
			files = (
			);
			runOnlyForDeploymentPostprocessing = 0;
		};
/* End PBXFrameworksBuildPhase section */

/* Begin PBXGroup section */
		9F499D011A16BC960032FECE = {
			isa = PBXGroup;
			children = (
				9FC9E1591A1AE6EA00FCD713 /* ALAlertBanner */,
				9F499D331A16BCA30032FECE /* Classes */,
				9F499D0C1A16BC960032FECE /* SlideInView */,
				9F499D261A16BC960032FECE /* SlideInViewTests */,
				9F499D0B1A16BC960032FECE /* Products */,
			);
			sourceTree = "<group>";
		};
		9F499D0B1A16BC960032FECE /* Products */ = {
			isa = PBXGroup;
			children = (
				9F499D0A1A16BC960032FECE /* SlideInView.app */,
				9F499D231A16BC960032FECE /* SlideInViewTests.xctest */,
			);
			name = Products;
			sourceTree = "<group>";
		};
		9F499D0C1A16BC960032FECE /* SlideInView */ = {
			isa = PBXGroup;
			children = (
				9F499D111A16BC960032FECE /* AppDelegate.h */,
				9F499D121A16BC960032FECE /* AppDelegate.m */,
				9F499D141A16BC960032FECE /* ViewController.h */,
				9F499D151A16BC960032FECE /* ViewController.m */,
				9F499D171A16BC960032FECE /* Main.storyboard */,
				9F499D1A1A16BC960032FECE /* Images.xcassets */,
				9F499D1C1A16BC960032FECE /* LaunchScreen.xib */,
				9F499D0D1A16BC960032FECE /* Supporting Files */,
			);
			path = SlideInView;
			sourceTree = "<group>";
		};
		9F499D0D1A16BC960032FECE /* Supporting Files */ = {
			isa = PBXGroup;
			children = (
				9F499D0E1A16BC960032FECE /* Info.plist */,
				9F499D0F1A16BC960032FECE /* main.m */,
			);
			name = "Supporting Files";
			sourceTree = "<group>";
		};
		9F499D261A16BC960032FECE /* SlideInViewTests */ = {
			isa = PBXGroup;
			children = (
				9F499D291A16BC960032FECE /* SlideInViewTests.m */,
				9F499D271A16BC960032FECE /* Supporting Files */,
			);
			path = SlideInViewTests;
			sourceTree = "<group>";
		};
		9F499D271A16BC960032FECE /* Supporting Files */ = {
			isa = PBXGroup;
			children = (
				9F499D281A16BC960032FECE /* Info.plist */,
			);
			name = "Supporting Files";
			sourceTree = "<group>";
		};
		9F499D331A16BCA30032FECE /* Classes */ = {
			isa = PBXGroup;
			children = (
				9F499D341A16BCBA0032FECE /* SlidingViewManager.h */,
				9F499D351A16BCBA0032FECE /* SlidingViewManager.m */,
			);
			path = Classes;
			sourceTree = "<group>";
		};
		9FC9E1591A1AE6EA00FCD713 /* ALAlertBanner */ = {
			isa = PBXGroup;
			children = (
				9FC9E15A1A1AE6EA00FCD713 /* ALAlertBanner+Private.h */,
				9FC9E15B1A1AE6EA00FCD713 /* ALAlertBanner.h */,
				9FC9E15C1A1AE6EA00FCD713 /* ALAlertBanner.m */,
				9FC9E15D1A1AE6EA00FCD713 /* ALAlertBannerManager.h */,
				9FC9E15E1A1AE6EA00FCD713 /* ALAlertBannerManager.m */,
				9FC9E15F1A1AE6EA00FCD713 /* Images */,
			);
			path = ALAlertBanner;
			sourceTree = "<group>";
		};
		9FC9E15F1A1AE6EA00FCD713 /* Images */ = {
			isa = PBXGroup;
			children = (
				9FC9E1601A1AE6EA00FCD713 /* bannerAlert.png */,
				9FC9E1611A1AE6EA00FCD713 /* bannerAlert@2x.png */,
				9FC9E1621A1AE6EA00FCD713 /* bannerFailure.png */,
				9FC9E1631A1AE6EA00FCD713 /* bannerFailure@2x.png */,
				9FC9E1641A1AE6EA00FCD713 /* bannerNotify.png */,
				9FC9E1651A1AE6EA00FCD713 /* bannerNotify@2x.png */,
				9FC9E1661A1AE6EA00FCD713 /* bannerSuccess.png */,
				9FC9E1671A1AE6EA00FCD713 /* bannerSuccess@2x.png */,
			);
			path = Images;
			sourceTree = "<group>";
		};
/* End PBXGroup section */

/* Begin PBXNativeTarget section */
		9F499D091A16BC960032FECE /* SlideInView */ = {
			isa = PBXNativeTarget;
			buildConfigurationList = 9F499D2D1A16BC960032FECE /* Build configuration list for PBXNativeTarget "SlideInView" */;
			buildPhases = (
				9F499D061A16BC960032FECE /* Sources */,
				9F499D071A16BC960032FECE /* Frameworks */,
				9F499D081A16BC960032FECE /* Resources */,
			);
			buildRules = (
			);
			dependencies = (
			);
			name = SlideInView;
			productName = SlideInView;
			productReference = 9F499D0A1A16BC960032FECE /* SlideInView.app */;
			productType = "com.apple.product-type.application";
		};
		9F499D221A16BC960032FECE /* SlideInViewTests */ = {
			isa = PBXNativeTarget;
			buildConfigurationList = 9F499D301A16BC970032FECE /* Build configuration list for PBXNativeTarget "SlideInViewTests" */;
			buildPhases = (
				9F499D1F1A16BC960032FECE /* Sources */,
				9F499D201A16BC960032FECE /* Frameworks */,
				9F499D211A16BC960032FECE /* Resources */,
			);
			buildRules = (
			);
			dependencies = (
				9F499D251A16BC960032FECE /* PBXTargetDependency */,
			);
			name = SlideInViewTests;
			productName = SlideInViewTests;
			productReference = 9F499D231A16BC960032FECE /* SlideInViewTests.xctest */;
			productType = "com.apple.product-type.bundle.unit-test";
		};
/* End PBXNativeTarget section */

/* Begin PBXProject section */
		9F499D021A16BC960032FECE /* Project object */ = {
			isa = PBXProject;
			attributes = {
				LastUpgradeCheck = 0610;
				ORGANIZATIONNAME = "Andrew Drozdov";
				TargetAttributes = {
					9F499D091A16BC960032FECE = {
						CreatedOnToolsVersion = 6.1;
					};
					9F499D221A16BC960032FECE = {
						CreatedOnToolsVersion = 6.1;
						TestTargetID = 9F499D091A16BC960032FECE;
					};
				};
			};
			buildConfigurationList = 9F499D051A16BC960032FECE /* Build configuration list for PBXProject "SlideInView" */;
			compatibilityVersion = "Xcode 3.2";
			developmentRegion = English;
			hasScannedForEncodings = 0;
			knownRegions = (
				en,
				Base,
			);
			mainGroup = 9F499D011A16BC960032FECE;
			productRefGroup = 9F499D0B1A16BC960032FECE /* Products */;
			projectDirPath = "";
			projectRoot = "";
			targets = (
				9F499D091A16BC960032FECE /* SlideInView */,
				9F499D221A16BC960032FECE /* SlideInViewTests */,
			);
		};
/* End PBXProject section */

/* Begin PBXResourcesBuildPhase section */
		9F499D081A16BC960032FECE /* Resources */ = {
			isa = PBXResourcesBuildPhase;
			buildActionMask = 2147483647;
			files = (
				9FC9E16A1A1AE6EA00FCD713 /* bannerAlert.png in Resources */,
				9F499D191A16BC960032FECE /* Main.storyboard in Resources */,
				9FC9E16E1A1AE6EA00FCD713 /* bannerNotify.png in Resources */,
				9FC9E1711A1AE6EA00FCD713 /* bannerSuccess@2x.png in Resources */,
				9FC9E16D1A1AE6EA00FCD713 /* bannerFailure@2x.png in Resources */,
				9FC9E16F1A1AE6EA00FCD713 /* bannerNotify@2x.png in Resources */,
				9FC9E16C1A1AE6EA00FCD713 /* bannerFailure.png in Resources */,
				9F499D1E1A16BC960032FECE /* LaunchScreen.xib in Resources */,
				9FC9E1701A1AE6EA00FCD713 /* bannerSuccess.png in Resources */,
				9F499D1B1A16BC960032FECE /* Images.xcassets in Resources */,
				9FC9E16B1A1AE6EA00FCD713 /* bannerAlert@2x.png in Resources */,
			);
			runOnlyForDeploymentPostprocessing = 0;
		};
		9F499D211A16BC960032FECE /* Resources */ = {
			isa = PBXResourcesBuildPhase;
			buildActionMask = 2147483647;
			files = (
			);
			runOnlyForDeploymentPostprocessing = 0;
		};
/* End PBXResourcesBuildPhase section */

/* Begin PBXSourcesBuildPhase section */
		9F499D061A16BC960032FECE /* Sources */ = {
			isa = PBXSourcesBuildPhase;
			buildActionMask = 2147483647;
			files = (
				9F499D161A16BC960032FECE /* ViewController.m in Sources */,
				9FC9E1681A1AE6EA00FCD713 /* ALAlertBanner.m in Sources */,
				9F499D131A16BC960032FECE /* AppDelegate.m in Sources */,
				9FC9E1691A1AE6EA00FCD713 /* ALAlertBannerManager.m in Sources */,
				9F499D101A16BC960032FECE /* main.m in Sources */,
				9F499D381A16BCBA0032FECE /* SlidingViewManager.m in Sources */,
			);
			runOnlyForDeploymentPostprocessing = 0;
		};
		9F499D1F1A16BC960032FECE /* Sources */ = {
			isa = PBXSourcesBuildPhase;
			buildActionMask = 2147483647;
			files = (
				9F499D2A1A16BC960032FECE /* SlideInViewTests.m in Sources */,
			);
			runOnlyForDeploymentPostprocessing = 0;
		};
/* End PBXSourcesBuildPhase section */

/* Begin PBXTargetDependency section */
		9F499D251A16BC960032FECE /* PBXTargetDependency */ = {
			isa = PBXTargetDependency;
			target = 9F499D091A16BC960032FECE /* SlideInView */;
			targetProxy = 9F499D241A16BC960032FECE /* PBXContainerItemProxy */;
		};
/* End PBXTargetDependency section */

/* Begin PBXVariantGroup section */
		9F499D171A16BC960032FECE /* Main.storyboard */ = {
			isa = PBXVariantGroup;
			children = (
				9F499D181A16BC960032FECE /* Base */,
			);
			name = Main.storyboard;
			sourceTree = "<group>";
		};
		9F499D1C1A16BC960032FECE /* LaunchScreen.xib */ = {
			isa = PBXVariantGroup;
			children = (
				9F499D1D1A16BC960032FECE /* Base */,
			);
			name = LaunchScreen.xib;
			sourceTree = "<group>";
		};
/* End PBXVariantGroup section */

/* Begin XCBuildConfiguration section */
		9F499D2B1A16BC960032FECE /* Debug */ = {
			isa = XCBuildConfiguration;
			buildSettings = {
				ALWAYS_SEARCH_USER_PATHS = NO;
				CLANG_CXX_LANGUAGE_STANDARD = "gnu++0x";
				CLANG_CXX_LIBRARY = "libc++";
				CLANG_ENABLE_MODULES = YES;
				CLANG_ENABLE_OBJC_ARC = YES;
				CLANG_WARN_BOOL_CONVERSION = YES;
				CLANG_WARN_CONSTANT_CONVERSION = YES;
				CLANG_WARN_DIRECT_OBJC_ISA_USAGE = YES_ERROR;
				CLANG_WARN_EMPTY_BODY = YES;
				CLANG_WARN_ENUM_CONVERSION = YES;
				CLANG_WARN_INT_CONVERSION = YES;
				CLANG_WARN_OBJC_ROOT_CLASS = YES_ERROR;
				CLANG_WARN_UNREACHABLE_CODE = YES;
				CLANG_WARN__DUPLICATE_METHOD_MATCH = YES;
				"CODE_SIGN_IDENTITY[sdk=iphoneos*]" = "iPhone Developer";
				COPY_PHASE_STRIP = NO;
				ENABLE_STRICT_OBJC_MSGSEND = YES;
				GCC_C_LANGUAGE_STANDARD = gnu99;
				GCC_DYNAMIC_NO_PIC = NO;
				GCC_OPTIMIZATION_LEVEL = 0;
				GCC_PREPROCESSOR_DEFINITIONS = (
					"DEBUG=1",
					"$(inherited)",
				);
				GCC_SYMBOLS_PRIVATE_EXTERN = NO;
				GCC_WARN_64_TO_32_BIT_CONVERSION = YES;
				GCC_WARN_ABOUT_RETURN_TYPE = YES_ERROR;
				GCC_WARN_UNDECLARED_SELECTOR = YES;
				GCC_WARN_UNINITIALIZED_AUTOS = YES_AGGRESSIVE;
				GCC_WARN_UNUSED_FUNCTION = YES;
				GCC_WARN_UNUSED_VARIABLE = YES;
				IPHONEOS_DEPLOYMENT_TARGET = 8.1;
				MTL_ENABLE_DEBUG_INFO = YES;
				ONLY_ACTIVE_ARCH = YES;
				SDKROOT = iphoneos;
				TARGETED_DEVICE_FAMILY = "1,2";
			};
			name = Debug;
		};
		9F499D2C1A16BC960032FECE /* Release */ = {
			isa = XCBuildConfiguration;
			buildSettings = {
				ALWAYS_SEARCH_USER_PATHS = NO;
				CLANG_CXX_LANGUAGE_STANDARD = "gnu++0x";
				CLANG_CXX_LIBRARY = "libc++";
				CLANG_ENABLE_MODULES = YES;
				CLANG_ENABLE_OBJC_ARC = YES;
				CLANG_WARN_BOOL_CONVERSION = YES;
				CLANG_WARN_CONSTANT_CONVERSION = YES;
				CLANG_WARN_DIRECT_OBJC_ISA_USAGE = YES_ERROR;
				CLANG_WARN_EMPTY_BODY = YES;
				CLANG_WARN_ENUM_CONVERSION = YES;
				CLANG_WARN_INT_CONVERSION = YES;
				CLANG_WARN_OBJC_ROOT_CLASS = YES_ERROR;
				CLANG_WARN_UNREACHABLE_CODE = YES;
				CLANG_WARN__DUPLICATE_METHOD_MATCH = YES;
				"CODE_SIGN_IDENTITY[sdk=iphoneos*]" = "iPhone Developer";
				COPY_PHASE_STRIP = YES;
				ENABLE_NS_ASSERTIONS = NO;
				ENABLE_STRICT_OBJC_MSGSEND = YES;
				GCC_C_LANGUAGE_STANDARD = gnu99;
				GCC_WARN_64_TO_32_BIT_CONVERSION = YES;
				GCC_WARN_ABOUT_RETURN_TYPE = YES_ERROR;
				GCC_WARN_UNDECLARED_SELECTOR = YES;
				GCC_WARN_UNINITIALIZED_AUTOS = YES_AGGRESSIVE;
				GCC_WARN_UNUSED_FUNCTION = YES;
				GCC_WARN_UNUSED_VARIABLE = YES;
				IPHONEOS_DEPLOYMENT_TARGET = 8.1;
				MTL_ENABLE_DEBUG_INFO = NO;
				SDKROOT = iphoneos;
				TARGETED_DEVICE_FAMILY = "1,2";
				VALIDATE_PRODUCT = YES;
			};
			name = Release;
		};
		9F499D2E1A16BC960032FECE /* Debug */ = {
			isa = XCBuildConfiguration;
			buildSettings = {
				ASSETCATALOG_COMPILER_APPICON_NAME = AppIcon;
				INFOPLIST_FILE = SlideInView/Info.plist;
				LD_RUNPATH_SEARCH_PATHS = "$(inherited) @executable_path/Frameworks";
				PRODUCT_NAME = "$(TARGET_NAME)";
			};
			name = Debug;
		};
		9F499D2F1A16BC970032FECE /* Release */ = {
			isa = XCBuildConfiguration;
			buildSettings = {
				ASSETCATALOG_COMPILER_APPICON_NAME = AppIcon;
				INFOPLIST_FILE = SlideInView/Info.plist;
				LD_RUNPATH_SEARCH_PATHS = "$(inherited) @executable_path/Frameworks";
				PRODUCT_NAME = "$(TARGET_NAME)";
			};
			name = Release;
		};
		9F499D311A16BC970032FECE /* Debug */ = {
			isa = XCBuildConfiguration;
			buildSettings = {
				BUNDLE_LOADER = "$(TEST_HOST)";
				FRAMEWORK_SEARCH_PATHS = (
					"$(SDKROOT)/Developer/Library/Frameworks",
					"$(inherited)",
				);
				GCC_PREPROCESSOR_DEFINITIONS = (
					"DEBUG=1",
					"$(inherited)",
				);
				INFOPLIST_FILE = SlideInViewTests/Info.plist;
				LD_RUNPATH_SEARCH_PATHS = "$(inherited) @executable_path/Frameworks @loader_path/Frameworks";
				PRODUCT_NAME = "$(TARGET_NAME)";
				TEST_HOST = "$(BUILT_PRODUCTS_DIR)/SlideInView.app/SlideInView";
			};
			name = Debug;
		};
		9F499D321A16BC970032FECE /* Release */ = {
			isa = XCBuildConfiguration;
			buildSettings = {
				BUNDLE_LOADER = "$(TEST_HOST)";
				FRAMEWORK_SEARCH_PATHS = (
					"$(SDKROOT)/Developer/Library/Frameworks",
					"$(inherited)",
				);
				INFOPLIST_FILE = SlideInViewTests/Info.plist;
				LD_RUNPATH_SEARCH_PATHS = "$(inherited) @executable_path/Frameworks @loader_path/Frameworks";
				PRODUCT_NAME = "$(TARGET_NAME)";
				TEST_HOST = "$(BUILT_PRODUCTS_DIR)/SlideInView.app/SlideInView";
			};
			name = Release;
		};
/* End XCBuildConfiguration section */

/* Begin XCConfigurationList section */
		9F499D051A16BC960032FECE /* Build configuration list for PBXProject "SlideInView" */ = {
			isa = XCConfigurationList;
			buildConfigurations = (
				9F499D2B1A16BC960032FECE /* Debug */,
				9F499D2C1A16BC960032FECE /* Release */,
			);
			defaultConfigurationIsVisible = 0;
			defaultConfigurationName = Release;
		};
		9F499D2D1A16BC960032FECE /* Build configuration list for PBXNativeTarget "SlideInView" */ = {
			isa = XCConfigurationList;
			buildConfigurations = (
				9F499D2E1A16BC960032FECE /* Debug */,
				9F499D2F1A16BC970032FECE /* Release */,
			);
			defaultConfigurationIsVisible = 0;
			defaultConfigurationName = Release;
		};
		9F499D301A16BC970032FECE /* Build configuration list for PBXNativeTarget "SlideInViewTests" */ = {
			isa = XCConfigurationList;
			buildConfigurations = (
				9F499D311A16BC970032FECE /* Debug */,
				9F499D321A16BC970032FECE /* Release */,
			);
			defaultConfigurationIsVisible = 0;
			defaultConfigurationName = Release;
		};
/* End XCConfigurationList section */
	};
	rootObject = 9F499D021A16BC960032FECE /* Project object */;
}
